- type: entity
  id: FirelockElectronics
  parent: BaseElectronics
  name: 防火锁电子板
  description: 用于检测门两侧压力、温度及气体浓度差异的电子板。
  components:
    - type: Item
      storedRotation: 0
    - type: Sprite
      sprite: Objects/Misc/module.rsi
      state: mainboard
    - type: Tag
      tags:
      - FirelockElectronics
    - type: StaticPrice
      price: 14
    - type: PhysicalComposition
      materialComposition:
        Glass: 0
      chemicalComposition:
        Silicon: 20
